{
  "name": "wasm3_arduino",
  "version": "1.0.0",
  "lockfileVersion": 2,
  "requires": true,
  "packages": {
    "": {
      "version": "1.0.0",
      "license": "ISC",
      "dependencies": {
        "@assemblyscript/loader": "^0.18.0",
        "assemblyscript-json": "^1.0.0"
      },
      "devDependencies": {
        "assemblyscript": "^0.18.0"
      }
    },
    "node_modules/@assemblyscript/loader": {
      "version": "0.18.0",
      "resolved": "https://registry.npmjs.org/@assemblyscript/loader/-/loader-0.18.0.tgz",
      "integrity": "sha512-JGQR5s8aO3KaoZKzOS3imtB+doFwhsMw6H1IXUDfBF8Yqsmtixwntp7Od1lER0W+qwGEMN06kid0UL4LnSB6Jg=="
    },
    "node_modules/assemblyscript": {
      "version": "0.18.0",
      "resolved": "https://registry.npmjs.org/assemblyscript/-/assemblyscript-0.18.0.tgz",
      "integrity": "sha512-ykuEuuNZ2lL/8/emjiFQmReKzjl8oDMRgaasxw27FnCQb5u4IFw0BIvUpgqc965zEh9QnLhWFFrJM3NrxgNnuw==",
      "dev": true,
      "dependencies": {
        "binaryen": "98.0.0-nightly.20210106",
        "long": "^4.0.0"
      },
      "bin": {
        "asc": "bin/asc",
        "asinit": "bin/asinit"
      }
    },
    "node_modules/assemblyscript-json": {
      "version": "1.0.0",
      "resolved": "https://registry.npmjs.org/assemblyscript-json/-/assemblyscript-json-1.0.0.tgz",
      "integrity": "sha512-Cv96RESaVbCJn6jqVPXJlrClb3ZoLwcoSNFPDpHMXxi7NqLBeUGhV6zitSjLIgPHXVocIuYYH+SnykzEtErrBg=="
    },
    "node_modules/binaryen": {
      "version": "98.0.0-nightly.20210106",
      "resolved": "https://registry.npmjs.org/binaryen/-/binaryen-98.0.0-nightly.20210106.tgz",
      "integrity": "sha512-iunAgesqT9PXVYCc72FA4h0sCCKLifruT6NuUH63xqlFJGpChhZLgOtyIb/fIgTibN5Pd692cxfBViyCWFsJ9Q==",
      "dev": true,
      "bin": {
        "wasm-opt": "bin/wasm-opt"
      }
    },
    "node_modules/long": {
      "version": "4.0.0",
      "resolved": "https://registry.npmjs.org/long/-/long-4.0.0.tgz",
      "integrity": "sha512-XsP+KhQif4bjX1kbuSiySJFNAehNxgLb6hPRGJ9QsUr8ajHkuXGdrHmFUTUUXhDwVX2R5bY4JNZEwbUiMhV+MA==",
      "dev": true
    }
  },
  "dependencies": {
    "@assemblyscript/loader": {
      "version": "0.18.0",
      "resolved": "https://registry.npmjs.org/@assemblyscript/loader/-/loader-0.18.0.tgz",
      "integrity": "sha512-JGQR5s8aO3KaoZKzOS3imtB+doFwhsMw6H1IXUDfBF8Yqsmtixwntp7Od1lER0W+qwGEMN06kid0UL4LnSB6Jg=="
    },
    "assemblyscript": {
      "version": "0.18.0",
      "resolved": "https://registry.npmjs.org/assemblyscript/-/assemblyscript-0.18.0.tgz",
      "integrity": "sha512-ykuEuuNZ2lL/8/emjiFQmReKzjl8oDMRgaasxw27FnCQb5u4IFw0BIvUpgqc965zEh9QnLhWFFrJM3NrxgNnuw==",
      "dev": true,
      "requires": {
        "binaryen": "98.0.0-nightly.20210106",
        "long": "^4.0.0"
      }
    },
    "assemblyscript-json": {
      "version": "1.0.0",
      "resolved": "https://registry.npmjs.org/assemblyscript-json/-/assemblyscript-json-1.0.0.tgz",
      "integrity": "sha512-Cv96RESaVbCJn6jqVPXJlrClb3ZoLwcoSNFPDpHMXxi7NqLBeUGhV6zitSjLIgPHXVocIuYYH+SnykzEtErrBg=="
    },
    "binaryen": {
      "version": "98.0.0-nightly.20210106",
      "resolved": "https://registry.npmjs.org/binaryen/-/binaryen-98.0.0-nightly.20210106.tgz",
      "integrity": "sha512-iunAgesqT9PXVYCc72FA4h0sCCKLifruT6NuUH63xqlFJGpChhZLgOtyIb/fIgTibN5Pd692cxfBViyCWFsJ9Q==",
      "dev": true
    },
    "long": {
      "version": "4.0.0",
      "resolved": "https://registry.npmjs.org/long/-/long-4.0.0.tgz",
      "integrity": "sha512-XsP+KhQif4bjX1kbuSiySJFNAehNxgLb6hPRGJ9QsUr8ajHkuXGdrHmFUTUUXhDwVX2R5bY4JNZEwbUiMhV+MA==",
      "dev": true
    }
  }
}
